
Microsoft Visual Studio Solution File, Format Version 12.00
# Visual Studio Version 17
VisualStudioVersion = 17.0.31912.275
MinimumVisualStudioVersion = 10.0.40219.1
Project("{FAE04EC0-301F-11D3-BF4B-00C04F79EFBC}") = "myShop", "myShop\myShop.csproj", "{11D192A5-09B2-41FF-AE5F-F2DD0E6F214A}"
EndProject
Project("{FAE04EC0-301F-11D3-BF4B-00C04F79EFBC}") = "DAL", "DAL\DAL.csproj", "{2FCDA06D-1B61-441B-ACAA-6E5832077CA6}"
EndProject
Global
	GlobalSection(SolutionConfigurationPlatforms) = preSolution
		Debug|Any CPU = Debug|Any CPU
		Release|Any CPU = Release|Any CPU
	EndGlobalSection
	GlobalSection(ProjectConfigurationPlatforms) = postSolution
		{11D192A5-09B2-41FF-AE5F-F2DD0E6F214A}.Debug|Any CPU.ActiveCfg = Debug|Any CPU
		{11D192A5-09B2-41FF-AE5F-F2DD0E6F214A}.Debug|Any CPU.Build.0 = Debug|Any CPU
		{11D192A5-09B2-41FF-AE5F-F2DD0E6F214A}.Release|Any CPU.ActiveCfg = Release|Any CPU
		{11D192A5-09B2-41FF-AE5F-F2DD0E6F214A}.Release|Any CPU.Build.0 = Release|Any CPU
		{2FCDA06D-1B61-441B-ACAA-6E5832077CA6}.Debug|Any CPU.ActiveCfg = Debug|Any CPU
		{2FCDA06D-1B61-441B-ACAA-6E5832077CA6}.Debug|Any CPU.Build.0 = Debug|Any CPU
		{2FCDA06D-1B61-441B-ACAA-6E5832077CA6}.Release|Any CPU.ActiveCfg = Release|Any CPU
		{2FCDA06D-1B61-441B-ACAA-6E5832077CA6}.Release|Any CPU.Build.0 = Release|Any CPU
	EndGlobalSection
	GlobalSection(SolutionProperties) = preSolution
		HideSolutionNode = FALSE
	EndGlobalSection
	GlobalSection(ExtensibilityGlobals) = postSolution
		SolutionGuid = {1A4F298B-C8BF-43A9-9B9A-3C9371252CA7}
	EndGlobalSection
EndGlobal
